
Microsoft Visual Studio Solution File, Format Version 12.00
# Visual Studio 15
VisualStudioVersion = 15.0.28307.1831
MinimumVisualStudioVersion = 10.0.40219.1
Project("{FAE04EC0-301F-11D3-BF4B-00C04F79EFBC}") = "InstagramProject", "InstagramProject\InstagramProject.csproj", "{CFDC3907-9DB5-4CA0-945D-EEFBA247070F}"
EndProject
Global
	GlobalSection(SolutionConfigurationPlatforms) = preSolution
		Debug|Any CPU = Debug|Any CPU
		Release|Any CPU = Release|Any CPU
	EndGlobalSection
	GlobalSection(ProjectConfigurationPlatforms) = postSolution
		{CFDC3907-9DB5-4CA0-945D-EEFBA247070F}.Debug|Any CPU.ActiveCfg = Debug|Any CPU
		{CFDC3907-9DB5-4CA0-945D-EEFBA247070F}.Debug|Any CPU.Build.0 = Debug|Any CPU
		{CFDC3907-9DB5-4CA0-945D-EEFBA247070F}.Release|Any CPU.ActiveCfg = Release|Any CPU
		{CFDC3907-9DB5-4CA0-945D-EEFBA247070F}.Release|Any CPU.Build.0 = Release|Any CPU
	EndGlobalSection
	GlobalSection(SolutionProperties) = preSolution
		HideSolutionNode = FALSE
	EndGlobalSection
	GlobalSection(ExtensibilityGlobals) = postSolution
		SolutionGuid = {66612648-E00F-4A7F-B09E-B58B3021BBDA}
	EndGlobalSection
EndGlobal
